version = 1
revision = 3
requires-python = ">=3.10"

[[package]]
name = "app"
version = "0.1.0"
source = { editable = "." }
dependencies = [
    { name = "redis" },
]

[package.metadata]
requires-dist = [{ name = "redis", specifier = ">=8.1.0" }]

[[package]]
name = "async-timeout"
version = "5.0.1"
source = { registry = "https://pypi.org/simple" }
sdist = { url = "https://files.pythonhosted.org/packages/a5/ae/136395dfbfe00dfc94da3f3e136d0b13f394cba8f4841120e34226265780/async_timeout-5.0.1.tar.gz", hash = "sha256:d9321a7a3d5a6a5e187e824d2fa0793ce379a202935782d555d6e9d2735677d3", size = 9274, upload-time = "2024-11-06T16:41:39.6Z" }
wheels = [
    { url = "https://files.pythonhosted.org/packages/fe/ba/e2081de779ca30d473f21f5b30e0e737c438205440784c7dfc81efc2b029/async_timeout-5.0.1-py3-none-any.whl", hash = "sha256:39e3809566ff85354557ec2398b55e096c8364bacac9405a7a1fa429e77fe76c", size = 6233, upload-time = "2024-11-06T16:41:37.9Z" },
]

[[package]]
name = "redis"
version = "8.1.0"
source = { registry = "https://pypi.org/simple" }
dependencies = [
    { name = "async-timeout", marker = "python_full_version < '3.11.3'" },
]
sdist = { url = "https://files.pythonhosted.org/packages/a8/99/604f0b666d4c616d891cf77ebb9db6bb21601344c051aebf1b72b9ff915f/redis-8.1.0.tar.gz", hash = "sha256:6e1a19beef9225c83efd689c7e6b7da2d5215b1f42cd13b7fc3714d0a09c7b25", size = 5254356, upload-time = "2026-07-30T08:51:00.269Z" }
wheels = [
    { url = "https://files.pythonhosted.org/packages/66/9d/c5731f6e3608663d4d3656fd8d3aecee8b509c3082818f5a13eae925baea/redis-8.1.0-py3-none-any.whl", hash = "sha256:a4fe1aac3d3b3cc791d4b3d5931c5a956045dc951ee74d1c913ee3ac4d2ee9fb", size = 560618, upload-time = "2026-07-30T08:50:58.497Z" },
]
